
Microsoft Visual Studio Solution File, Format Version 12.00
# Visual Studio Version 16
VisualStudioVersion = 16.0.30804.86
MinimumVisualStudioVersion = 10.0.40219.1
Project("{FAE04EC0-301F-11D3-BF4B-00C04F79EFBC}") = "Political", "Political\Political.csproj", "{C64190E1-C1BB-41D6-B700-974946A21558}"
EndProject
Global
	GlobalSection(SolutionConfigurationPlatforms) = preSolution
		Debug|Any CPU = Debug|Any CPU
		Release|Any CPU = Release|Any CPU
	EndGlobalSection
	GlobalSection(ProjectConfigurationPlatforms) = postSolution
		{C64190E1-C1BB-41D6-B700-974946A21558}.Debug|Any CPU.ActiveCfg = Debug|Any CPU
		{C64190E1-C1BB-41D6-B700-974946A21558}.Debug|Any CPU.Build.0 = Debug|Any CPU
		{C64190E1-C1BB-41D6-B700-974946A21558}.Release|Any CPU.ActiveCfg = Release|Any CPU
		{C64190E1-C1BB-41D6-B700-974946A21558}.Release|Any CPU.Build.0 = Release|Any CPU
	EndGlobalSection
	GlobalSection(SolutionProperties) = preSolution
		HideSolutionNode = FALSE
	EndGlobalSection
	GlobalSection(ExtensibilityGlobals) = postSolution
		SolutionGuid = {44DA0ADA-4A7B-4D0C-811A-FD0224BFDE1D}
	EndGlobalSection
EndGlobal
